
Microsoft Visual Studio Solution File, Format Version 12.00
# Visual Studio 15
VisualStudioVersion = 15.0.26430.14
MinimumVisualStudioVersion = 10.0.40219.1
Project("{FAE04EC0-301F-11D3-BF4B-00C04F79EFBC}") = "EnableTracing", "EnableTracing\EnableTracing.csproj", "{0A3E9068-98C4-404C-BCE1-72E9011D8099}"
EndProject
Project("{FAE04EC0-301F-11D3-BF4B-00C04F79EFBC}") = "Hook", "Hook\Hook.csproj", "{A52CEFE9-B68D-40E1-AA44-AF34E7395CDB}"
EndProject
Project("{FAE04EC0-301F-11D3-BF4B-00C04F79EFBC}") = "Target", "Target\Target.csproj", "{8411074D-4BA0-4C04-825C-382CCEFD2A81}"
EndProject
Project("{FAE04EC0-301F-11D3-BF4B-00C04F79EFBC}") = "testinject", "testinject\testinject.csproj", "{FFE3CCA7-905D-404C-B656-1CB49D0D28CC}"
EndProject
Project("{FAE04EC0-301F-11D3-BF4B-00C04F79EFBC}") = "efplay", "efplay\efplay.csproj", "{19C778EE-8BEA-47BF-9CB8-D33DA8593B9D}"
EndProject
Project("{FAE04EC0-301F-11D3-BF4B-00C04F79EFBC}") = "TestEf", "TestEf\TestEf.csproj", "{25ECBC4F-084E-48C1-8D80-7508557D926B}"
EndProject
Project("{FAE04EC0-301F-11D3-BF4B-00C04F79EFBC}") = "TraceApplication", "TraceApplication\TraceApplication.csproj", "{FD9BE7AE-0E95-4121-870A-1D9F5F083526}"
EndProject
Project("{00D1A9C2-B5F0-4AF3-8072-F6C62B433612}") = "TestEFDb", "TestEFDb\TestEFDb.sqlproj", "{268C0CC5-48B2-4D43-BC0B-6CED4D8CF400}"
EndProject
Global
	GlobalSection(SolutionConfigurationPlatforms) = preSolution
		Debug|Any CPU = Debug|Any CPU
		Release|Any CPU = Release|Any CPU
	EndGlobalSection
	GlobalSection(ProjectConfigurationPlatforms) = postSolution
		{0A3E9068-98C4-404C-BCE1-72E9011D8099}.Debug|Any CPU.ActiveCfg = Debug|Any CPU
		{0A3E9068-98C4-404C-BCE1-72E9011D8099}.Debug|Any CPU.Build.0 = Debug|Any CPU
		{0A3E9068-98C4-404C-BCE1-72E9011D8099}.Release|Any CPU.ActiveCfg = Release|Any CPU
		{0A3E9068-98C4-404C-BCE1-72E9011D8099}.Release|Any CPU.Build.0 = Release|Any CPU
		{A52CEFE9-B68D-40E1-AA44-AF34E7395CDB}.Debug|Any CPU.ActiveCfg = Debug|Any CPU
		{A52CEFE9-B68D-40E1-AA44-AF34E7395CDB}.Debug|Any CPU.Build.0 = Debug|Any CPU
		{A52CEFE9-B68D-40E1-AA44-AF34E7395CDB}.Release|Any CPU.ActiveCfg = Release|Any CPU
		{A52CEFE9-B68D-40E1-AA44-AF34E7395CDB}.Release|Any CPU.Build.0 = Release|Any CPU
		{8411074D-4BA0-4C04-825C-382CCEFD2A81}.Debug|Any CPU.ActiveCfg = Debug|Any CPU
		{8411074D-4BA0-4C04-825C-382CCEFD2A81}.Debug|Any CPU.Build.0 = Debug|Any CPU
		{8411074D-4BA0-4C04-825C-382CCEFD2A81}.Release|Any CPU.ActiveCfg = Release|Any CPU
		{8411074D-4BA0-4C04-825C-382CCEFD2A81}.Release|Any CPU.Build.0 = Release|Any CPU
		{FFE3CCA7-905D-404C-B656-1CB49D0D28CC}.Debug|Any CPU.ActiveCfg = Debug|Any CPU
		{FFE3CCA7-905D-404C-B656-1CB49D0D28CC}.Debug|Any CPU.Build.0 = Debug|Any CPU
		{FFE3CCA7-905D-404C-B656-1CB49D0D28CC}.Release|Any CPU.ActiveCfg = Release|Any CPU
		{FFE3CCA7-905D-404C-B656-1CB49D0D28CC}.Release|Any CPU.Build.0 = Release|Any CPU
		{19C778EE-8BEA-47BF-9CB8-D33DA8593B9D}.Debug|Any CPU.ActiveCfg = Debug|Any CPU
		{19C778EE-8BEA-47BF-9CB8-D33DA8593B9D}.Debug|Any CPU.Build.0 = Debug|Any CPU
		{19C778EE-8BEA-47BF-9CB8-D33DA8593B9D}.Release|Any CPU.ActiveCfg = Release|Any CPU
		{19C778EE-8BEA-47BF-9CB8-D33DA8593B9D}.Release|Any CPU.Build.0 = Release|Any CPU
		{25ECBC4F-084E-48C1-8D80-7508557D926B}.Debug|Any CPU.ActiveCfg = Debug|Any CPU
		{25ECBC4F-084E-48C1-8D80-7508557D926B}.Debug|Any CPU.Build.0 = Debug|Any CPU
		{25ECBC4F-084E-48C1-8D80-7508557D926B}.Release|Any CPU.ActiveCfg = Release|Any CPU
		{25ECBC4F-084E-48C1-8D80-7508557D926B}.Release|Any CPU.Build.0 = Release|Any CPU
		{FD9BE7AE-0E95-4121-870A-1D9F5F083526}.Debug|Any CPU.ActiveCfg = Debug|Any CPU
		{FD9BE7AE-0E95-4121-870A-1D9F5F083526}.Debug|Any CPU.Build.0 = Debug|Any CPU
		{FD9BE7AE-0E95-4121-870A-1D9F5F083526}.Release|Any CPU.ActiveCfg = Release|Any CPU
		{FD9BE7AE-0E95-4121-870A-1D9F5F083526}.Release|Any CPU.Build.0 = Release|Any CPU
		{268C0CC5-48B2-4D43-BC0B-6CED4D8CF400}.Debug|Any CPU.ActiveCfg = Debug|Any CPU
		{268C0CC5-48B2-4D43-BC0B-6CED4D8CF400}.Debug|Any CPU.Build.0 = Debug|Any CPU
		{268C0CC5-48B2-4D43-BC0B-6CED4D8CF400}.Debug|Any CPU.Deploy.0 = Debug|Any CPU
		{268C0CC5-48B2-4D43-BC0B-6CED4D8CF400}.Release|Any CPU.ActiveCfg = Release|Any CPU
		{268C0CC5-48B2-4D43-BC0B-6CED4D8CF400}.Release|Any CPU.Build.0 = Release|Any CPU
		{268C0CC5-48B2-4D43-BC0B-6CED4D8CF400}.Release|Any CPU.Deploy.0 = Release|Any CPU
	EndGlobalSection
	GlobalSection(SolutionProperties) = preSolution
		HideSolutionNode = FALSE
	EndGlobalSection
EndGlobal
